
Microsoft Visual Studio Solution File, Format Version 12.00
# Visual Studio Version 17
VisualStudioVersion = 17.14.36623.8
MinimumVisualStudioVersion = 10.0.40219.1
Project("{2150E333-8FDC-42A3-9474-1A3956D46DE8}") = "src", "src", "{827E0CD3-B72D-47B6-A68D-7590B98EB39B}"
EndProject
Project("{2150E333-8FDC-42A3-9474-1A3956D46DE8}") = "Core", "Core", "{8D626EA8-CB54-BC41-363A-217881BEBA6E}"
EndProject
Project("{FAE04EC0-301F-11D3-BF4B-00C04F79EFBC}") = "Talaqi.Domain", "src\Core\Talaqi.Domain\Talaqi.Domain.csproj", "{A572E212-A7F1-49DB-8670-1E12DFF7837E}"
EndProject
Project("{FAE04EC0-301F-11D3-BF4B-00C04F79EFBC}") = "Talaqi.Application", "src\Core\Talaqi.Application\Talaqi.Application.csproj", "{CDA9B5F8-1631-4741-8B2B-C9764E8BFE58}"
EndProject
Project("{2150E333-8FDC-42A3-9474-1A3956D46DE8}") = "Infrastructure", "Infrastructure", "{9048EB7F-3875-A59E-E36B-5BD4C6F2A282}"
EndProject
Project("{FAE04EC0-301F-11D3-BF4B-00C04F79EFBC}") = "Talaqi.Infrastructure", "src\Infrastructure\Talaqi.Infrastructure\Talaqi.Infrastructure.csproj", "{9CDD99E1-14CD-43F2-BE20-9F7A11A46F64}"
EndProject
Project("{FAE04EC0-301F-11D3-BF4B-00C04F79EFBC}") = "Talaqi.Shared", "src\Infrastructure\Talaqi.Shared\Talaqi.Shared.csproj", "{E15985A7-B8AD-4046-BA56-0232BBA926EF}"
EndProject
Project("{2150E333-8FDC-42A3-9474-1A3956D46DE8}") = "Presentation", "Presentation", "{6996BBF7-DB31-59BC-C7DD-9A7CCC6138C4}"
EndProject
Project("{2150E333-8FDC-42A3-9474-1A3956D46DE8}") = "tests", "tests", "{0AB3BF05-4346-4AA6-1389-037BE0695223}"
EndProject
Project("{FAE04EC0-301F-11D3-BF4B-00C04F79EFBC}") = "Talaqi.UnitTests", "tests\Talaqi.UnitTests\Talaqi.UnitTests.csproj", "{EBA8B6C1-8440-4F3A-8F6C-F1A475535C01}"
EndProject
Project("{FAE04EC0-301F-11D3-BF4B-00C04F79EFBC}") = "Talaqi.IntegrationTests", "tests\Talaqi.IntegrationTests\Talaqi.IntegrationTests.csproj", "{591E26EB-4DCE-4E09-A5B0-399299722F09}"
EndProject
Project("{FAE04EC0-301F-11D3-BF4B-00C04F79EFBC}") = "Talaqi.API", "src\Presentation\Talaqi.API\Talaqi.API.csproj", "{67A9C2B6-87DB-48C0-9228-DF24EE61B816}"
EndProject
Project("{2150E333-8FDC-42A3-9474-1A3956D46DE8}") = "Shared", "Shared", "{02EA681E-C7D8-13C7-8484-4AC65E1B71E8}"
	ProjectSection(SolutionItems) = preProject
		ErrorResponse.cs = ErrorResponse.cs
	EndProjectSection
EndProject
Global
	GlobalSection(SolutionConfigurationPlatforms) = preSolution
		Debug|Any CPU = Debug|Any CPU
		Debug|x64 = Debug|x64
		Debug|x86 = Debug|x86
		Release|Any CPU = Release|Any CPU
		Release|x64 = Release|x64
		Release|x86 = Release|x86
	EndGlobalSection
	GlobalSection(ProjectConfigurationPlatforms) = postSolution
		{A572E212-A7F1-49DB-8670-1E12DFF7837E}.Debug|Any CPU.ActiveCfg = Debug|Any CPU
		{A572E212-A7F1-49DB-8670-1E12DFF7837E}.Debug|Any CPU.Build.0 = Debug|Any CPU
		{A572E212-A7F1-49DB-8670-1E12DFF7837E}.Debug|x64.ActiveCfg = Debug|Any CPU
		{A572E212-A7F1-49DB-8670-1E12DFF7837E}.Debug|x64.Build.0 = Debug|Any CPU
		{A572E212-A7F1-49DB-8670-1E12DFF7837E}.Debug|x86.ActiveCfg = Debug|Any CPU
		{A572E212-A7F1-49DB-8670-1E12DFF7837E}.Debug|x86.Build.0 = Debug|Any CPU
		{A572E212-A7F1-49DB-8670-1E12DFF7837E}.Release|Any CPU.ActiveCfg = Release|Any CPU
		{A572E212-A7F1-49DB-8670-1E12DFF7837E}.Release|Any CPU.Build.0 = Release|Any CPU
		{A572E212-A7F1-49DB-8670-1E12DFF7837E}.Release|x64.ActiveCfg = Release|Any CPU
		{A572E212-A7F1-49DB-8670-1E12DFF7837E}.Release|x64.Build.0 = Release|Any CPU
		{A572E212-A7F1-49DB-8670-1E12DFF7837E}.Release|x86.ActiveCfg = Release|Any CPU
		{A572E212-A7F1-49DB-8670-1E12DFF7837E}.Release|x86.Build.0 = Release|Any CPU
		{CDA9B5F8-1631-4741-8B2B-C9764E8BFE58}.Debug|Any CPU.ActiveCfg = Debug|Any CPU
		{CDA9B5F8-1631-4741-8B2B-C9764E8BFE58}.Debug|Any CPU.Build.0 = Debug|Any CPU
		{CDA9B5F8-1631-4741-8B2B-C9764E8BFE58}.Debug|x64.ActiveCfg = Debug|Any CPU
		{CDA9B5F8-1631-4741-8B2B-C9764E8BFE58}.Debug|x64.Build.0 = Debug|Any CPU
		{CDA9B5F8-1631-4741-8B2B-C9764E8BFE58}.Debug|x86.ActiveCfg = Debug|Any CPU
		{CDA9B5F8-1631-4741-8B2B-C9764E8BFE58}.Debug|x86.Build.0 = Debug|Any CPU
		{CDA9B5F8-1631-4741-8B2B-C9764E8BFE58}.Release|Any CPU.ActiveCfg = Release|Any CPU
		{CDA9B5F8-1631-4741-8B2B-C9764E8BFE58}.Release|Any CPU.Build.0 = Release|Any CPU
		{CDA9B5F8-1631-4741-8B2B-C9764E8BFE58}.Release|x64.ActiveCfg = Release|Any CPU
		{CDA9B5F8-1631-4741-8B2B-C9764E8BFE58}.Release|x64.Build.0 = Release|Any CPU
		{CDA9B5F8-1631-4741-8B2B-C9764E8BFE58}.Release|x86.ActiveCfg = Release|Any CPU
		{CDA9B5F8-1631-4741-8B2B-C9764E8BFE58}.Release|x86.Build.0 = Release|Any CPU
		{9CDD99E1-14CD-43F2-BE20-9F7A11A46F64}.Debug|Any CPU.ActiveCfg = Debug|Any CPU
		{9CDD99E1-14CD-43F2-BE20-9F7A11A46F64}.Debug|Any CPU.Build.0 = Debug|Any CPU
		{9CDD99E1-14CD-43F2-BE20-9F7A11A46F64}.Debug|x64.ActiveCfg = Debug|Any CPU
		{9CDD99E1-14CD-43F2-BE20-9F7A11A46F64}.Debug|x64.Build.0 = Debug|Any CPU
		{9CDD99E1-14CD-43F2-BE20-9F7A11A46F64}.Debug|x86.ActiveCfg = Debug|Any CPU
		{9CDD99E1-14CD-43F2-BE20-9F7A11A46F64}.Debug|x86.Build.0 = Debug|Any CPU
		{9CDD99E1-14CD-43F2-BE20-9F7A11A46F64}.Release|Any CPU.ActiveCfg = Release|Any CPU
		{9CDD99E1-14CD-43F2-BE20-9F7A11A46F64}.Release|Any CPU.Build.0 = Release|Any CPU
		{9CDD99E1-14CD-43F2-BE20-9F7A11A46F64}.Release|x64.ActiveCfg = Release|Any CPU
		{9CDD99E1-14CD-43F2-BE20-9F7A11A46F64}.Release|x64.Build.0 = Release|Any CPU
		{9CDD99E1-14CD-43F2-BE20-9F7A11A46F64}.Release|x86.ActiveCfg = Release|Any CPU
		{9CDD99E1-14CD-43F2-BE20-9F7A11A46F64}.Release|x86.Build.0 = Release|Any CPU
		{E15985A7-B8AD-4046-BA56-0232BBA926EF}.Debug|Any CPU.ActiveCfg = Debug|Any CPU
		{E15985A7-B8AD-4046-BA56-0232BBA926EF}.Debug|Any CPU.Build.0 = Debug|Any CPU
		{E15985A7-B8AD-4046-BA56-0232BBA926EF}.Debug|x64.ActiveCfg = Debug|Any CPU
		{E15985A7-B8AD-4046-BA56-0232BBA926EF}.Debug|x64.Build.0 = Debug|Any CPU
		{E15985A7-B8AD-4046-BA56-0232BBA926EF}.Debug|x86.ActiveCfg = Debug|Any CPU
		{E15985A7-B8AD-4046-BA56-0232BBA926EF}.Debug|x86.Build.0 = Debug|Any CPU
		{E15985A7-B8AD-4046-BA56-0232BBA926EF}.Release|Any CPU.ActiveCfg = Release|Any CPU
		{E15985A7-B8AD-4046-BA56-0232BBA926EF}.Release|Any CPU.Build.0 = Release|Any CPU
		{E15985A7-B8AD-4046-BA56-0232BBA926EF}.Release|x64.ActiveCfg = Release|Any CPU
		{E15985A7-B8AD-4046-BA56-0232BBA926EF}.Release|x64.Build.0 = Release|Any CPU
		{E15985A7-B8AD-4046-BA56-0232BBA926EF}.Release|x86.ActiveCfg = Release|Any CPU
		{E15985A7-B8AD-4046-BA56-0232BBA926EF}.Release|x86.Build.0 = Release|Any CPU
		{EBA8B6C1-8440-4F3A-8F6C-F1A475535C01}.Debug|Any CPU.ActiveCfg = Debug|Any CPU
		{EBA8B6C1-8440-4F3A-8F6C-F1A475535C01}.Debug|Any CPU.Build.0 = Debug|Any CPU
		{EBA8B6C1-8440-4F3A-8F6C-F1A475535C01}.Debug|x64.ActiveCfg = Debug|Any CPU
		{EBA8B6C1-8440-4F3A-8F6C-F1A475535C01}.Debug|x64.Build.0 = Debug|Any CPU
		{EBA8B6C1-8440-4F3A-8F6C-F1A475535C01}.Debug|x86.ActiveCfg = Debug|Any CPU
		{EBA8B6C1-8440-4F3A-8F6C-F1A475535C01}.Debug|x86.Build.0 = Debug|Any CPU
		{EBA8B6C1-8440-4F3A-8F6C-F1A475535C01}.Release|Any CPU.ActiveCfg = Release|Any CPU
		{EBA8B6C1-8440-4F3A-8F6C-F1A475535C01}.Release|Any CPU.Build.0 = Release|Any CPU
		{EBA8B6C1-8440-4F3A-8F6C-F1A475535C01}.Release|x64.ActiveCfg = Release|Any CPU
		{EBA8B6C1-8440-4F3A-8F6C-F1A475535C01}.Release|x64.Build.0 = Release|Any CPU
		{EBA8B6C1-8440-4F3A-8F6C-F1A475535C01}.Release|x86.ActiveCfg = Release|Any CPU
		{EBA8B6C1-8440-4F3A-8F6C-F1A475535C01}.Release|x86.Build.0 = Release|Any CPU
		{591E26EB-4DCE-4E09-A5B0-399299722F09}.Debug|Any CPU.ActiveCfg = Debug|Any CPU
		{591E26EB-4DCE-4E09-A5B0-399299722F09}.Debug|Any CPU.Build.0 = Debug|Any CPU
		{591E26EB-4DCE-4E09-A5B0-399299722F09}.Debug|x64.ActiveCfg = Debug|Any CPU
		{591E26EB-4DCE-4E09-A5B0-399299722F09}.Debug|x64.Build.0 = Debug|Any CPU
		{591E26EB-4DCE-4E09-A5B0-399299722F09}.Debug|x86.ActiveCfg = Debug|Any CPU
		{591E26EB-4DCE-4E09-A5B0-399299722F09}.Debug|x86.Build.0 = Debug|Any CPU
		{591E26EB-4DCE-4E09-A5B0-399299722F09}.Release|Any CPU.ActiveCfg = Release|Any CPU
		{591E26EB-4DCE-4E09-A5B0-399299722F09}.Release|Any CPU.Build.0 = Release|Any CPU
		{591E26EB-4DCE-4E09-A5B0-399299722F09}.Release|x64.ActiveCfg = Release|Any CPU
		{591E26EB-4DCE-4E09-A5B0-399299722F09}.Release|x64.Build.0 = Release|Any CPU
		{591E26EB-4DCE-4E09-A5B0-399299722F09}.Release|x86.ActiveCfg = Release|Any CPU
		{591E26EB-4DCE-4E09-A5B0-399299722F09}.Release|x86.Build.0 = Release|Any CPU
		{67A9C2B6-87DB-48C0-9228-DF24EE61B816}.Debug|Any CPU.ActiveCfg = Debug|Any CPU
		{67A9C2B6-87DB-48C0-9228-DF24EE61B816}.Debug|Any CPU.Build.0 = Debug|Any CPU
		{67A9C2B6-87DB-48C0-9228-DF24EE61B816}.Debug|x64.ActiveCfg = Debug|Any CPU
		{67A9C2B6-87DB-48C0-9228-DF24EE61B816}.Debug|x64.Build.0 = Debug|Any CPU
		{67A9C2B6-87DB-48C0-9228-DF24EE61B816}.Debug|x86.ActiveCfg = Debug|Any CPU
		{67A9C2B6-87DB-48C0-9228-DF24EE61B816}.Debug|x86.Build.0 = Debug|Any CPU
		{67A9C2B6-87DB-48C0-9228-DF24EE61B816}.Release|Any CPU.ActiveCfg = Release|Any CPU
		{67A9C2B6-87DB-48C0-9228-DF24EE61B816}.Release|Any CPU.Build.0 = Release|Any CPU
		{67A9C2B6-87DB-48C0-9228-DF24EE61B816}.Release|x64.ActiveCfg = Release|Any CPU
		{67A9C2B6-87DB-48C0-9228-DF24EE61B816}.Release|x64.Build.0 = Release|Any CPU
		{67A9C2B6-87DB-48C0-9228-DF24EE61B816}.Release|x86.ActiveCfg = Release|Any CPU
		{67A9C2B6-87DB-48C0-9228-DF24EE61B816}.Release|x86.Build.0 = Release|Any CPU
	EndGlobalSection
	GlobalSection(SolutionProperties) = preSolution
		HideSolutionNode = FALSE
	EndGlobalSection
	GlobalSection(NestedProjects) = preSolution
		{8D626EA8-CB54-BC41-363A-217881BEBA6E} = {827E0CD3-B72D-47B6-A68D-7590B98EB39B}
		{A572E212-A7F1-49DB-8670-1E12DFF7837E} = {8D626EA8-CB54-BC41-363A-217881BEBA6E}
		{CDA9B5F8-1631-4741-8B2B-C9764E8BFE58} = {8D626EA8-CB54-BC41-363A-217881BEBA6E}
		{9048EB7F-3875-A59E-E36B-5BD4C6F2A282} = {827E0CD3-B72D-47B6-A68D-7590B98EB39B}
		{9CDD99E1-14CD-43F2-BE20-9F7A11A46F64} = {9048EB7F-3875-A59E-E36B-5BD4C6F2A282}
		{E15985A7-B8AD-4046-BA56-0232BBA926EF} = {9048EB7F-3875-A59E-E36B-5BD4C6F2A282}
		{6996BBF7-DB31-59BC-C7DD-9A7CCC6138C4} = {827E0CD3-B72D-47B6-A68D-7590B98EB39B}
		{EBA8B6C1-8440-4F3A-8F6C-F1A475535C01} = {0AB3BF05-4346-4AA6-1389-037BE0695223}
		{591E26EB-4DCE-4E09-A5B0-399299722F09} = {0AB3BF05-4346-4AA6-1389-037BE0695223}
		{67A9C2B6-87DB-48C0-9228-DF24EE61B816} = {6996BBF7-DB31-59BC-C7DD-9A7CCC6138C4}
	EndGlobalSection
	GlobalSection(ExtensibilityGlobals) = postSolution
		SolutionGuid = {7B750616-A99F-4F42-BF8B-E1058F6A3D17}
	EndGlobalSection
EndGlobal
